
Microsoft Visual Studio Solution File, Format Version 12.00
# Visual Studio 14
VisualStudioVersion = 14.0.25420.1
MinimumVisualStudioVersion = 10.0.40219.1
Project("{FAE04EC0-301F-11D3-BF4B-00C04F79EFBC}") = "Additional Task", "Additional Task\Additional Task.csproj", "{AAFA8095-8E24-4BDB-83E8-D8E7ABBD16D5}"
EndProject
Project("{FAE04EC0-301F-11D3-BF4B-00C04F79EFBC}") = "Task2", "Task2\Task2.csproj", "{0F5BAFCA-A226-4B1D-AC61-B5271ABCE28A}"
EndProject
Project("{FAE04EC0-301F-11D3-BF4B-00C04F79EFBC}") = "Task3", "Task3\Task3.csproj", "{FA777B1E-68C2-47CB-9583-26EE0C1A1A9C}"
EndProject
Project("{FAE04EC0-301F-11D3-BF4B-00C04F79EFBC}") = "Task4", "Task4\Task4.csproj", "{1326E2F6-4F54-4602-A41D-0A42D8A7F9B0}"
EndProject
Global
	GlobalSection(SolutionConfigurationPlatforms) = preSolution
		Debug|Any CPU = Debug|Any CPU
		Release|Any CPU = Release|Any CPU
	EndGlobalSection
	GlobalSection(ProjectConfigurationPlatforms) = postSolution
		{AAFA8095-8E24-4BDB-83E8-D8E7ABBD16D5}.Debug|Any CPU.ActiveCfg = Debug|Any CPU
		{AAFA8095-8E24-4BDB-83E8-D8E7ABBD16D5}.Debug|Any CPU.Build.0 = Debug|Any CPU
		{AAFA8095-8E24-4BDB-83E8-D8E7ABBD16D5}.Release|Any CPU.ActiveCfg = Release|Any CPU
		{AAFA8095-8E24-4BDB-83E8-D8E7ABBD16D5}.Release|Any CPU.Build.0 = Release|Any CPU
		{0F5BAFCA-A226-4B1D-AC61-B5271ABCE28A}.Debug|Any CPU.ActiveCfg = Debug|Any CPU
		{0F5BAFCA-A226-4B1D-AC61-B5271ABCE28A}.Debug|Any CPU.Build.0 = Debug|Any CPU
		{0F5BAFCA-A226-4B1D-AC61-B5271ABCE28A}.Release|Any CPU.ActiveCfg = Release|Any CPU
		{0F5BAFCA-A226-4B1D-AC61-B5271ABCE28A}.Release|Any CPU.Build.0 = Release|Any CPU
		{FA777B1E-68C2-47CB-9583-26EE0C1A1A9C}.Debug|Any CPU.ActiveCfg = Debug|Any CPU
		{FA777B1E-68C2-47CB-9583-26EE0C1A1A9C}.Debug|Any CPU.Build.0 = Debug|Any CPU
		{FA777B1E-68C2-47CB-9583-26EE0C1A1A9C}.Release|Any CPU.ActiveCfg = Release|Any CPU
		{FA777B1E-68C2-47CB-9583-26EE0C1A1A9C}.Release|Any CPU.Build.0 = Release|Any CPU
		{1326E2F6-4F54-4602-A41D-0A42D8A7F9B0}.Debug|Any CPU.ActiveCfg = Debug|Any CPU
		{1326E2F6-4F54-4602-A41D-0A42D8A7F9B0}.Debug|Any CPU.Build.0 = Debug|Any CPU
		{1326E2F6-4F54-4602-A41D-0A42D8A7F9B0}.Release|Any CPU.ActiveCfg = Release|Any CPU
		{1326E2F6-4F54-4602-A41D-0A42D8A7F9B0}.Release|Any CPU.Build.0 = Release|Any CPU
	EndGlobalSection
	GlobalSection(SolutionProperties) = preSolution
		HideSolutionNode = FALSE
	EndGlobalSection
EndGlobal
