
Microsoft Visual Studio Solution File, Format Version 12.00
# Visual Studio 14
VisualStudioVersion = 14.0.25420.1
MinimumVisualStudioVersion = 10.0.40219.1
Project("{FAE04EC0-301F-11D3-BF4B-00C04F79EFBC}") = "Task2", "Task2\Task2.csproj", "{31D0325E-FF03-4444-8277-C6D30FC17EF9}"
EndProject
Project("{FAE04EC0-301F-11D3-BF4B-00C04F79EFBC}") = "Task3", "Task3\Task3.csproj", "{9F824889-C999-4DFD-8CCE-910E6CD192BF}"
EndProject
Project("{FAE04EC0-301F-11D3-BF4B-00C04F79EFBC}") = "AdditionalTask1", "AdditionalTask1\AdditionalTask1.csproj", "{D854CE44-7C24-42BA-9326-990AD5CD86B8}"
EndProject
Global
	GlobalSection(SolutionConfigurationPlatforms) = preSolution
		Debug|Any CPU = Debug|Any CPU
		Release|Any CPU = Release|Any CPU
	EndGlobalSection
	GlobalSection(ProjectConfigurationPlatforms) = postSolution
		{31D0325E-FF03-4444-8277-C6D30FC17EF9}.Debug|Any CPU.ActiveCfg = Debug|Any CPU
		{31D0325E-FF03-4444-8277-C6D30FC17EF9}.Debug|Any CPU.Build.0 = Debug|Any CPU
		{31D0325E-FF03-4444-8277-C6D30FC17EF9}.Release|Any CPU.ActiveCfg = Release|Any CPU
		{31D0325E-FF03-4444-8277-C6D30FC17EF9}.Release|Any CPU.Build.0 = Release|Any CPU
		{9F824889-C999-4DFD-8CCE-910E6CD192BF}.Debug|Any CPU.ActiveCfg = Debug|Any CPU
		{9F824889-C999-4DFD-8CCE-910E6CD192BF}.Debug|Any CPU.Build.0 = Debug|Any CPU
		{9F824889-C999-4DFD-8CCE-910E6CD192BF}.Release|Any CPU.ActiveCfg = Release|Any CPU
		{9F824889-C999-4DFD-8CCE-910E6CD192BF}.Release|Any CPU.Build.0 = Release|Any CPU
		{D854CE44-7C24-42BA-9326-990AD5CD86B8}.Debug|Any CPU.ActiveCfg = Debug|Any CPU
		{D854CE44-7C24-42BA-9326-990AD5CD86B8}.Debug|Any CPU.Build.0 = Debug|Any CPU
		{D854CE44-7C24-42BA-9326-990AD5CD86B8}.Release|Any CPU.ActiveCfg = Release|Any CPU
		{D854CE44-7C24-42BA-9326-990AD5CD86B8}.Release|Any CPU.Build.0 = Release|Any CPU
	EndGlobalSection
	GlobalSection(SolutionProperties) = preSolution
		HideSolutionNode = FALSE
	EndGlobalSection
EndGlobal
